// !$*UTF8*$!
{
	archiveVersion = 1;
	classes = {
	};
	objectVersion = 50;
	objects = {

/* Begin PBXBuildFile section */
		DA0CB64D21C3EFE5008FDBEB /* Delm-Medium.otf in Resources */ = {isa = PBXBuildFile; fileRef = DA0CB64C21C3EFE5008FDBEB /* Delm-Medium.otf */; };
		DA0CB64F21C3F0DB008FDBEB /* ThirstySoftRegular.otf in Resources */ = {isa = PBXBuildFile; fileRef = DA0CB64E21C3F0DB008FDBEB /* ThirstySoftRegular.otf */; };
		DA18203521E671D4009C5A9D /* ImagePicker.swift in Sources */ = {isa = PBXBuildFile; fileRef = DA18203421E671D4009C5A9D /* ImagePicker.swift */; };
		DA18203721E67273009C5A9D /* ImagePickerDelegate.swift in Sources */ = {isa = PBXBuildFile; fileRef = DA18203621E67273009C5A9D /* ImagePickerDelegate.swift */; };
		DACEED2821C2B5AF00770E81 /* AppDelegate.swift in Sources */ = {isa = PBXBuildFile; fileRef = DACEED2721C2B5AF00770E81 /* AppDelegate.swift */; };
		DACEED2A21C2B5AF00770E81 /* ViewController.swift in Sources */ = {isa = PBXBuildFile; fileRef = DACEED2921C2B5AF00770E81 /* ViewController.swift */; };
		DACEED2D21C2B5AF00770E81 /* Main.storyboard in Resources */ = {isa = PBXBuildFile; fileRef = DACEED2B21C2B5AF00770E81 /* Main.storyboard */; };
		DACEED2F21C2B5B300770E81 /* Assets.xcassets in Resources */ = {isa = PBXBuildFile; fileRef = DACEED2E21C2B5B300770E81 /* Assets.xcassets */; };
		DACEED3221C2B5B300770E81 /* LaunchScreen.storyboard in Resources */ = {isa = PBXBuildFile; fileRef = DACEED3021C2B5B300770E81 /* LaunchScreen.storyboard */; };
/* End PBXBuildFile section */

/* Begin PBXFileReference section */
		DA0CB64C21C3EFE5008FDBEB /* Delm-Medium.otf */ = {isa = PBXFileReference; lastKnownFileType = file; path = "Delm-Medium.otf"; sourceTree = "<group>"; };
		DA0CB64E21C3F0DB008FDBEB /* ThirstySoftRegular.otf */ = {isa = PBXFileReference; lastKnownFileType = file; path = ThirstySoftRegular.otf; sourceTree = "<group>"; };
		DA18203421E671D4009C5A9D /* ImagePicker.swift */ = {isa = PBXFileReference; lastKnownFileType = sourcecode.swift; path = ImagePicker.swift; sourceTree = "<group>"; };
		DA18203621E67273009C5A9D /* ImagePickerDelegate.swift */ = {isa = PBXFileReference; lastKnownFileType = sourcecode.swift; path = ImagePickerDelegate.swift; sourceTree = "<group>"; };
		DACEED2421C2B5AF00770E81 /* InstaGrid.app */ = {isa = PBXFileReference; explicitFileType = wrapper.application; includeInIndex = 0; path = InstaGrid.app; sourceTree = BUILT_PRODUCTS_DIR; };
		DACEED2721C2B5AF00770E81 /* AppDelegate.swift */ = {isa = PBXFileReference; lastKnownFileType = sourcecode.swift; path = AppDelegate.swift; sourceTree = "<group>"; };
		DACEED2921C2B5AF00770E81 /* ViewController.swift */ = {isa = PBXFileReference; lastKnownFileType = sourcecode.swift; path = ViewController.swift; sourceTree = "<group>"; };
		DACEED2C21C2B5AF00770E81 /* Base */ = {isa = PBXFileReference; lastKnownFileType = file.storyboard; name = Base; path = Base.lproj/Main.storyboard; sourceTree = "<group>"; };
		DACEED2E21C2B5B300770E81 /* Assets.xcassets */ = {isa = PBXFileReference; lastKnownFileType = folder.assetcatalog; path = Assets.xcassets; sourceTree = "<group>"; };
		DACEED3121C2B5B300770E81 /* Base */ = {isa = PBXFileReference; lastKnownFileType = file.storyboard; name = Base; path = Base.lproj/LaunchScreen.storyboard; sourceTree = "<group>"; };
		DACEED3321C2B5B300770E81 /* Info.plist */ = {isa = PBXFileReference; lastKnownFileType = text.plist.xml; path = Info.plist; sourceTree = "<group>"; };
/* End PBXFileReference section */

/* Begin PBXFrameworksBuildPhase section */
		DACEED2121C2B5AF00770E81 /* Frameworks */ = {
			isa = PBXFrameworksBuildPhase;
			buildActionMask = 2147483647;
			files = (
			);
			runOnlyForDeploymentPostprocessing = 0;
		};
/* End PBXFrameworksBuildPhase section */

/* Begin PBXGroup section */
		DACEED1B21C2B5AF00770E81 = {
			isa = PBXGroup;
			children = (
				DACEED2621C2B5AF00770E81 /* InstaGrid */,
				DACEED2521C2B5AF00770E81 /* Products */,
			);
			sourceTree = "<group>";
		};
		DACEED2521C2B5AF00770E81 /* Products */ = {
			isa = PBXGroup;
			children = (
				DACEED2421C2B5AF00770E81 /* InstaGrid.app */,
			);
			name = Products;
			sourceTree = "<group>";
		};
		DACEED2621C2B5AF00770E81 /* InstaGrid */ = {
			isa = PBXGroup;
			children = (
				DACEED3B21C2B5E800770E81 /* Model */,
				DACEED3A21C2B5D900770E81 /* View */,
				DACEED3921C2B5C100770E81 /* Controller */,
				DACEED3C21C2B62B00770E81 /* Supporting Files */,
			);
			path = InstaGrid;
			sourceTree = "<group>";
		};
		DACEED3921C2B5C100770E81 /* Controller */ = {
			isa = PBXGroup;
			children = (
				DACEED2921C2B5AF00770E81 /* ViewController.swift */,
			);
			path = Controller;
			sourceTree = "<group>";
		};
		DACEED3A21C2B5D900770E81 /* View */ = {
			isa = PBXGroup;
			children = (
				DACEED2B21C2B5AF00770E81 /* Main.storyboard */,
			);
			path = View;
			sourceTree = "<group>";
		};
		DACEED3B21C2B5E800770E81 /* Model */ = {
			isa = PBXGroup;
			children = (
				DA18203421E671D4009C5A9D /* ImagePicker.swift */,
				DA18203621E67273009C5A9D /* ImagePickerDelegate.swift */,
			);
			path = Model;
			sourceTree = "<group>";
		};
		DACEED3C21C2B62B00770E81 /* Supporting Files */ = {
			isa = PBXGroup;
			children = (
				DACEED2721C2B5AF00770E81 /* AppDelegate.swift */,
				DACEED2E21C2B5B300770E81 /* Assets.xcassets */,
				DA0CB64C21C3EFE5008FDBEB /* Delm-Medium.otf */,
				DA0CB64E21C3F0DB008FDBEB /* ThirstySoftRegular.otf */,
				DACEED3321C2B5B300770E81 /* Info.plist */,
				DACEED3021C2B5B300770E81 /* LaunchScreen.storyboard */,
			);
			path = "Supporting Files";
			sourceTree = "<group>";
		};
/* End PBXGroup section */

/* Begin PBXNativeTarget section */
		DACEED2321C2B5AF00770E81 /* InstaGrid */ = {
			isa = PBXNativeTarget;
			buildConfigurationList = DACEED3621C2B5B300770E81 /* Build configuration list for PBXNativeTarget "InstaGrid" */;
			buildPhases = (
				DACEED2021C2B5AF00770E81 /* Sources */,
				DACEED2121C2B5AF00770E81 /* Frameworks */,
				DACEED2221C2B5AF00770E81 /* Resources */,
			);
			buildRules = (
			);
			dependencies = (
			);
			name = InstaGrid;
			productName = InstaGrid;
			productReference = DACEED2421C2B5AF00770E81 /* InstaGrid.app */;
			productType = "com.apple.product-type.application";
		};
/* End PBXNativeTarget section */

/* Begin PBXProject section */
		DACEED1C21C2B5AF00770E81 /* Project object */ = {
			isa = PBXProject;
			attributes = {
				LastSwiftUpdateCheck = 1010;
				LastUpgradeCheck = 1010;
				ORGANIZATIONNAME = PawilIOS;
				TargetAttributes = {
					DACEED2321C2B5AF00770E81 = {
						CreatedOnToolsVersion = 10.1;
					};
				};
			};
			buildConfigurationList = DACEED1F21C2B5AF00770E81 /* Build configuration list for PBXProject "InstaGrid" */;
			compatibilityVersion = "Xcode 9.3";
			developmentRegion = en;
			hasScannedForEncodings = 0;
			knownRegions = (
				en,
				Base,
			);
			mainGroup = DACEED1B21C2B5AF00770E81;
			productRefGroup = DACEED2521C2B5AF00770E81 /* Products */;
			projectDirPath = "";
			projectRoot = "";
			targets = (
				DACEED2321C2B5AF00770E81 /* InstaGrid */,
			);
		};
/* End PBXProject section */

/* Begin PBXResourcesBuildPhase section */
		DACEED2221C2B5AF00770E81 /* Resources */ = {
			isa = PBXResourcesBuildPhase;
			buildActionMask = 2147483647;
			files = (
				DACEED3221C2B5B300770E81 /* LaunchScreen.storyboard in Resources */,
				DACEED2F21C2B5B300770E81 /* Assets.xcassets in Resources */,
				DA0CB64F21C3F0DB008FDBEB /* ThirstySoftRegular.otf in Resources */,
				DACEED2D21C2B5AF00770E81 /* Main.storyboard in Resources */,
				DA0CB64D21C3EFE5008FDBEB /* Delm-Medium.otf in Resources */,
			);
			runOnlyForDeploymentPostprocessing = 0;
		};
/* End PBXResourcesBuildPhase section */

/* Begin PBXSourcesBuildPhase section */
		DACEED2021C2B5AF00770E81 /* Sources */ = {
			isa = PBXSourcesBuildPhase;
			buildActionMask = 2147483647;
			files = (
				DA18203721E67273009C5A9D /* ImagePickerDelegate.swift in Sources */,
				DA18203521E671D4009C5A9D /* ImagePicker.swift in Sources */,
				DACEED2A21C2B5AF00770E81 /* ViewController.swift in Sources */,
				DACEED2821C2B5AF00770E81 /* AppDelegate.swift in Sources */,
			);
			runOnlyForDeploymentPostprocessing = 0;
		};
/* End PBXSourcesBuildPhase section */

/* Begin PBXVariantGroup section */
		DACEED2B21C2B5AF00770E81 /* Main.storyboard */ = {
			isa = PBXVariantGroup;
			children = (
				DACEED2C21C2B5AF00770E81 /* Base */,
			);
			name = Main.storyboard;
			sourceTree = "<group>";
		};
		DACEED3021C2B5B300770E81 /* LaunchScreen.storyboard */ = {
			isa = PBXVariantGroup;
			children = (
				DACEED3121C2B5B300770E81 /* Base */,
			);
			name = LaunchScreen.storyboard;
			sourceTree = "<group>";
		};
/* End PBXVariantGroup section */

/* Begin XCBuildConfiguration section */
		DACEED3421C2B5B300770E81 /* Debug */ = {
			isa = XCBuildConfiguration;
			buildSettings = {
				ALWAYS_SEARCH_USER_PATHS = NO;
				CLANG_ANALYZER_NONNULL = YES;
				CLANG_ANALYZER_NUMBER_OBJECT_CONVERSION = YES_AGGRESSIVE;
				CLANG_CXX_LANGUAGE_STANDARD = "gnu++14";
				CLANG_CXX_LIBRARY = "libc++";
				CLANG_ENABLE_MODULES = YES;
				CLANG_ENABLE_OBJC_ARC = YES;
				CLANG_ENABLE_OBJC_WEAK = YES;
				CLANG_WARN_BLOCK_CAPTURE_AUTORELEASING = YES;
				CLANG_WARN_BOOL_CONVERSION = YES;
				CLANG_WARN_COMMA = YES;
				CLANG_WARN_CONSTANT_CONVERSION = YES;
				CLANG_WARN_DEPRECATED_OBJC_IMPLEMENTATIONS = YES;
				CLANG_WARN_DIRECT_OBJC_ISA_USAGE = YES_ERROR;
				CLANG_WARN_DOCUMENTATION_COMMENTS = YES;
				CLANG_WARN_EMPTY_BODY = YES;
				CLANG_WARN_ENUM_CONVERSION = YES;
				CLANG_WARN_INFINITE_RECURSION = YES;
				CLANG_WARN_INT_CONVERSION = YES;
				CLANG_WARN_NON_LITERAL_NULL_CONVERSION = YES;
				CLANG_WARN_OBJC_IMPLICIT_RETAIN_SELF = YES;
				CLANG_WARN_OBJC_LITERAL_CONVERSION = YES;
				CLANG_WARN_OBJC_ROOT_CLASS = YES_ERROR;
				CLANG_WARN_RANGE_LOOP_ANALYSIS = YES;
				CLANG_WARN_STRICT_PROTOTYPES = YES;
				CLANG_WARN_SUSPICIOUS_MOVE = YES;
				CLANG_WARN_UNGUARDED_AVAILABILITY = YES_AGGRESSIVE;
				CLANG_WARN_UNREACHABLE_CODE = YES;
				CLANG_WARN__DUPLICATE_METHOD_MATCH = YES;
				CODE_SIGN_IDENTITY = "iPhone Developer";
				COPY_PHASE_STRIP = NO;
				DEBUG_INFORMATION_FORMAT = dwarf;
				ENABLE_STRICT_OBJC_MSGSEND = YES;
				ENABLE_TESTABILITY = YES;
				GCC_C_LANGUAGE_STANDARD = gnu11;
				GCC_DYNAMIC_NO_PIC = NO;
				GCC_NO_COMMON_BLOCKS = YES;
				GCC_OPTIMIZATION_LEVEL = 0;
				GCC_PREPROCESSOR_DEFINITIONS = (
					"DEBUG=1",
					"$(inherited)",
				);
				GCC_WARN_64_TO_32_BIT_CONVERSION = YES;
				GCC_WARN_ABOUT_RETURN_TYPE = YES_ERROR;
				GCC_WARN_UNDECLARED_SELECTOR = YES;
				GCC_WARN_UNINITIALIZED_AUTOS = YES_AGGRESSIVE;
				GCC_WARN_UNUSED_FUNCTION = YES;
				GCC_WARN_UNUSED_VARIABLE = YES;
				IPHONEOS_DEPLOYMENT_TARGET = 12.1;
				MTL_ENABLE_DEBUG_INFO = INCLUDE_SOURCE;
				MTL_FAST_MATH = YES;
				ONLY_ACTIVE_ARCH = YES;
				SDKROOT = iphoneos;
				SWIFT_ACTIVE_COMPILATION_CONDITIONS = DEBUG;
				SWIFT_OPTIMIZATION_LEVEL = "-Onone";
			};
			name = Debug;
		};
		DACEED3521C2B5B300770E81 /* Release */ = {
			isa = XCBuildConfiguration;
			buildSettings = {
				ALWAYS_SEARCH_USER_PATHS = NO;
				CLANG_ANALYZER_NONNULL = YES;
				CLANG_ANALYZER_NUMBER_OBJECT_CONVERSION = YES_AGGRESSIVE;
				CLANG_CXX_LANGUAGE_STANDARD = "gnu++14";
				CLANG_CXX_LIBRARY = "libc++";
				CLANG_ENABLE_MODULES = YES;
				CLANG_ENABLE_OBJC_ARC = YES;
				CLANG_ENABLE_OBJC_WEAK = YES;
				CLANG_WARN_BLOCK_CAPTURE_AUTORELEASING = YES;
				CLANG_WARN_BOOL_CONVERSION = YES;
				CLANG_WARN_COMMA = YES;
				CLANG_WARN_CONSTANT_CONVERSION = YES;
				CLANG_WARN_DEPRECATED_OBJC_IMPLEMENTATIONS = YES;
				CLANG_WARN_DIRECT_OBJC_ISA_USAGE = YES_ERROR;
				CLANG_WARN_DOCUMENTATION_COMMENTS = YES;
				CLANG_WARN_EMPTY_BODY = YES;
				CLANG_WARN_ENUM_CONVERSION = YES;
				CLANG_WARN_INFINITE_RECURSION = YES;
				CLANG_WARN_INT_CONVERSION = YES;
				CLANG_WARN_NON_LITERAL_NULL_CONVERSION = YES;
				CLANG_WARN_OBJC_IMPLICIT_RETAIN_SELF = YES;
				CLANG_WARN_OBJC_LITERAL_CONVERSION = YES;
				CLANG_WARN_OBJC_ROOT_CLASS = YES_ERROR;
				CLANG_WARN_RANGE_LOOP_ANALYSIS = YES;
				CLANG_WARN_STRICT_PROTOTYPES = YES;
				CLANG_WARN_SUSPICIOUS_MOVE = YES;
				CLANG_WARN_UNGUARDED_AVAILABILITY = YES_AGGRESSIVE;
				CLANG_WARN_UNREACHABLE_CODE = YES;
				CLANG_WARN__DUPLICATE_METHOD_MATCH = YES;
				CODE_SIGN_IDENTITY = "iPhone Developer";
				COPY_PHASE_STRIP = NO;
				DEBUG_INFORMATION_FORMAT = "dwarf-with-dsym";
				ENABLE_NS_ASSERTIONS = NO;
				ENABLE_STRICT_OBJC_MSGSEND = YES;
				GCC_C_LANGUAGE_STANDARD = gnu11;
				GCC_NO_COMMON_BLOCKS = YES;
				GCC_WARN_64_TO_32_BIT_CONVERSION = YES;
				GCC_WARN_ABOUT_RETURN_TYPE = YES_ERROR;
				GCC_WARN_UNDECLARED_SELECTOR = YES;
				GCC_WARN_UNINITIALIZED_AUTOS = YES_AGGRESSIVE;
				GCC_WARN_UNUSED_FUNCTION = YES;
				GCC_WARN_UNUSED_VARIABLE = YES;
				IPHONEOS_DEPLOYMENT_TARGET = 12.1;
				MTL_ENABLE_DEBUG_INFO = NO;
				MTL_FAST_MATH = YES;
				SDKROOT = iphoneos;
				SWIFT_COMPILATION_MODE = wholemodule;
				SWIFT_OPTIMIZATION_LEVEL = "-O";
				VALIDATE_PRODUCT = YES;
			};
			name = Release;
		};
		DACEED3721C2B5B300770E81 /* Debug */ = {
			isa = XCBuildConfiguration;
			buildSettings = {
				ASSETCATALOG_COMPILER_APPICON_NAME = AppIcon;
				CODE_SIGN_STYLE = Automatic;
				DEVELOPMENT_TEAM = 52T6VV3859;
				INFOPLIST_FILE = "$(SRCROOT)/InstaGrid/Supporting Files/Info.plist";
				IPHONEOS_DEPLOYMENT_TARGET = 12.0;
				LD_RUNPATH_SEARCH_PATHS = (
					"$(inherited)",
					"@executable_path/Frameworks",
				);
				PRODUCT_BUNDLE_IDENTIFIER = de.patrickWiley.InstaGrid;
				PRODUCT_NAME = "$(TARGET_NAME)";
				SWIFT_VERSION = 4.2;
				TARGETED_DEVICE_FAMILY = "1,2";
			};
			name = Debug;
		};
		DACEED3821C2B5B300770E81 /* Release */ = {
			isa = XCBuildConfiguration;
			buildSettings = {
				ASSETCATALOG_COMPILER_APPICON_NAME = AppIcon;
				CODE_SIGN_STYLE = Automatic;
				DEVELOPMENT_TEAM = 52T6VV3859;
				INFOPLIST_FILE = "$(SRCROOT)/InstaGrid/Supporting Files/Info.plist";
				IPHONEOS_DEPLOYMENT_TARGET = 12.0;
				LD_RUNPATH_SEARCH_PATHS = (
					"$(inherited)",
					"@executable_path/Frameworks",
				);
				PRODUCT_BUNDLE_IDENTIFIER = de.patrickWiley.InstaGrid;
				PRODUCT_NAME = "$(TARGET_NAME)";
				SWIFT_VERSION = 4.2;
				TARGETED_DEVICE_FAMILY = "1,2";
			};
			name = Release;
		};
/* End XCBuildConfiguration section */

/* Begin XCConfigurationList section */
		DACEED1F21C2B5AF00770E81 /* Build configuration list for PBXProject "InstaGrid" */ = {
			isa = XCConfigurationList;
			buildConfigurations = (
				DACEED3421C2B5B300770E81 /* Debug */,
				DACEED3521C2B5B300770E81 /* Release */,
			);
			defaultConfigurationIsVisible = 0;
			defaultConfigurationName = Release;
		};
		DACEED3621C2B5B300770E81 /* Build configuration list for PBXNativeTarget "InstaGrid" */ = {
			isa = XCConfigurationList;
			buildConfigurations = (
				DACEED3721C2B5B300770E81 /* Debug */,
				DACEED3821C2B5B300770E81 /* Release */,
			);
			defaultConfigurationIsVisible = 0;
			defaultConfigurationName = Release;
		};
/* End XCConfigurationList section */
	};
	rootObject = DACEED1C21C2B5AF00770E81 /* Project object */;
}
